version = 1
revision = 1
requires-python = ">=3.10"

[[package]]
name = "antlr4-python3-runtime"
version = "4.13.2"
source = { registry = "https://pypi.org/simple" }
sdist = { url = "https://files.pythonhosted.org/packages/33/5f/2cdf6f7aca3b20d3f316e9f505292e1f256a32089bd702034c29ebde6242/antlr4_python3_runtime-4.13.2.tar.gz", hash = "sha256:909b647e1d2fc2b70180ac586df3933e38919c85f98ccc656a96cd3f25ef3916", size = 117467 }
wheels = [
    { url = "https://files.pythonhosted.org/packages/89/03/a851e84fcbb85214dc637b6378121ef9a0dd61b4c65264675d8a5c9b1ae7/antlr4_python3_runtime-4.13.2-py3-none-any.whl", hash = "sha256:fe3835eb8d33daece0e799090eda89719dbccee7aa39ef94eed3818cafa5a7e8", size = 144462 },
]

[[package]]
name = "antlr4-tools"
version = "0.2.1"
source = { registry = "https://pypi.org/simple" }
dependencies = [
    { name = "install-jdk" },
]
sdist = { url = "https://files.pythonhosted.org/packages/06/a0/0625fea1cbba920bfb011fb4268665417468a3cda73c5be0739e2f7183ca/antlr4-tools-0.2.1.tar.gz", hash = "sha256:eabad95c7d6b2e15b9875f630e6695395f90ed557721aeef7844d5821ac1ca6a", size = 5897 }
wheels = [
    { url = "https://files.pythonhosted.org/packages/1e/23/d109a570132dd038674da34a3309381ec617bed6feadd1dbfce60949d56b/antlr4_tools-0.2.1-py3-none-any.whl", hash = "sha256:71bfe6d5f856cbf69e69c4ad1750eb8f2c84e72b07780efabced6a8e5194f2e4", size = 4262 },
]

[[package]]
name = "install-jdk"
version = "1.1.0"
source = { registry = "https://pypi.org/simple" }
sdist = { url = "https://files.pythonhosted.org/packages/cf/67/502a753533e9b4deb691f3f7ba6303682494f2d8ee651d6253cd78045b66/install_jdk-1.1.0.tar.gz", hash = "sha256:2bfd53caf660e4916df0215a5715519dcb9547fa2a5f07421fd97a8046851eaa", size = 15181 }
wheels = [
    { url = "https://files.pythonhosted.org/packages/7e/5e/af84054b0ff9f9fbe49a7079d46ba8b4ee7ab6192a0310d4bd2c91254626/install_jdk-1.1.0-py3-none-any.whl", hash = "sha256:b63f0fcd63f7abab3443d4120ba92716397753b8a8ea3c85762a629925a9936e", size = 15648 },
]

[[package]]
name = "projet-compilation"
version = "0.1.0"
source = { virtual = "." }
dependencies = [
    { name = "antlr4-python3-runtime" },
    { name = "antlr4-tools" },
    { name = "typing-extensions" },
]

[package.metadata]
requires-dist = [
    { name = "antlr4-python3-runtime", specifier = ">=4.13.2" },
    { name = "antlr4-tools", specifier = ">=0.2.1" },
    { name = "typing-extensions", specifier = ">=4.13.2" },
]

[[package]]
name = "typing-extensions"
version = "4.13.2"
source = { registry = "https://pypi.org/simple" }
sdist = { url = "https://files.pythonhosted.org/packages/f6/37/23083fcd6e35492953e8d2aaaa68b860eb422b34627b13f2ce3eb6106061/typing_extensions-4.13.2.tar.gz", hash = "sha256:e6c81219bd689f51865d9e372991c540bda33a0379d5573cddb9a3a23f7caaef", size = 106967 }
wheels = [
    { url = "https://files.pythonhosted.org/packages/8b/54/b1ae86c0973cc6f0210b53d508ca3641fb6d0c56823f288d108bc7ab3cc8/typing_extensions-4.13.2-py3-none-any.whl", hash = "sha256:a439e7c04b49fec3e5d3e2beaa21755cadbbdc391694e28ccdd36ca4a1408f8c", size = 45806 },
]
